
Microsoft Visual Studio Solution File, Format Version 12.00
Project("{FAE04EC0-301F-11D3-BF4B-00C04F79EFBC}") = "LoveStory.WebApi", "LoveStory.WebApi\LoveStory.WebApi.csproj", "{1A3BB59E-4FC1-4483-95F2-6C8A84FAE972}"
EndProject
Global
	GlobalSection(SolutionConfigurationPlatforms) = preSolution
		Debug|Any CPU = Debug|Any CPU
		Release|Any CPU = Release|Any CPU
	EndGlobalSection
	GlobalSection(ProjectConfigurationPlatforms) = postSolution
		{1A3BB59E-4FC1-4483-95F2-6C8A84FAE972}.Debug|Any CPU.ActiveCfg = Debug|Any CPU
		{1A3BB59E-4FC1-4483-95F2-6C8A84FAE972}.Debug|Any CPU.Build.0 = Debug|Any CPU
		{1A3BB59E-4FC1-4483-95F2-6C8A84FAE972}.Release|Any CPU.ActiveCfg = Release|Any CPU
		{1A3BB59E-4FC1-4483-95F2-6C8A84FAE972}.Release|Any CPU.Build.0 = Release|Any CPU
	EndGlobalSection
EndGlobal
